<Solution>
  <Project Path="harness\shared\SomeEngine.Harness.Core\SomeEngine.Harness.Core.csproj" />
  <Project Path="harness\quality\SomeEngine.Harness.QualityAnalyzer\SomeEngine.Harness.QualityAnalyzer.csproj" />
  <Project Path="harness\quality\SomeEngine.Harness.QualityAnalyzer.Tests\SomeEngine.Harness.QualityAnalyzer.Tests.csproj" />
  <Project Path="harness\maintainability\SomeEngine.Harness.Maintainability\SomeEngine.Harness.Maintainability.csproj" />
  <Project Path="harness\architecture\SomeEngine.Harness.Architecture\SomeEngine.Harness.Architecture.csproj" />
  <Project Path="harness\behaviour\SomeEngine.Harness.Behaviour\SomeEngine.Harness.Behaviour.csproj" />
  <Project Path="harness\coverage\SomeEngine.Harness.Coverage\SomeEngine.Harness.Coverage.csproj" />
  <Project Path="src\SomeEngine.Core\SomeEngine.Core.csproj" />
  <Project Path="src\SomeEngine.Assets\SomeEngine.Assets.csproj" />
  <Project Path="src\SomeEngine.ECS\SomeEngine.ECS.csproj" />
  <Project Path="src\SomeEngine.ECS.Systems\SomeEngine.ECS.Systems.csproj" />
  <Project Path="src\SomeEngine.ECS.Serialization\SomeEngine.ECS.Serialization.csproj" />
  <Project Path="src\SomeEngine.ECS.SourceGen\SomeEngine.ECS.SourceGen.csproj" />
  <Project Path="src\SomeEngine.Job\SomeEngine.Job.csproj" />
  <Project Path="src\SomeEngine.Job.Dots\SomeEngine.Job.Dots.csproj" />
  <Project Path="src\SomeEngine.Generators\SomeEngine.Generators.csproj" />
  <Project Path="src\SomeEngine.Render\SomeEngine.Render.csproj" />
  <Project Path="src\SomeEngine.Render.Cluster\SomeEngine.Render.Cluster.csproj" />
  <Project Path="tests\SomeEngine.ECS.Tests\SomeEngine.ECS.Tests.csproj" />
  <Project Path="tests\SomeEngine.ECS.Systems.Tests\SomeEngine.ECS.Systems.Tests.csproj" />
  <Project Path="tests\SomeEngine.ECS.Serialization.Tests\SomeEngine.ECS.Serialization.Tests.csproj" />
  <Project Path="tests\SomeEngine.ECS.SourceGen.Tests\SomeEngine.ECS.SourceGen.Tests.csproj" />
  <Project Path="tests\SomeEngine.Job.Tests\SomeEngine.Job.Tests.csproj" />
  <Project Path="tests\SomeEngine.Job.Dots.Tests\SomeEngine.Job.Dots.Tests.csproj" />
  <Project Path="tests\SomeEngine.Assets.Tests\SomeEngine.Assets.Tests.csproj" />
  <Project Path="tests\SomeEngine.Core.Tests\SomeEngine.Core.Tests.csproj" />
  <Project Path="tests\SomeEngine.Render.Tests\SomeEngine.Render.Tests.csproj" />
  <Project Path="tests\SomeEngine.Render.Cluster.Tests\SomeEngine.Render.Cluster.Tests.csproj" />
  <Project Path="external\SlangShaderSharp\src\SlangShaderSharp.csproj" />
  <Project Path="external\Alimer.Bindings\src\Alimer.Bindings.MeshOptimizer\Alimer.Bindings.MeshOptimizer.csproj" />
</Solution>
