{
  "version": 1,
  "dependencies": {
    "net10.0": {
      "Microsoft.Direct3D.D3D12": {
        "type": "Transitive",
        "resolved": "1.619.5",
        "contentHash": "CvdG5PGPvj2EIbgaMj793fFqXSsNhFhdwmZy/OIBHMbueqPYHz5fFnlHeipcutB6YwFiOSrEKzv5bCj5yYHbnQ=="
      },
      "Microsoft.DotNet.PlatformAbstractions": {
        "type": "Transitive",
        "resolved": "3.1.6",
        "contentHash": "jek4XYaQ/PGUwDKKhwR8K47Uh1189PFzMeLqO83mXrXQVIpARZCcfuDedH50YDTepBkfijCZN5U/vZi++erxtg=="
      },
      "Microsoft.Extensions.DependencyModel": {
        "type": "Transitive",
        "resolved": "9.0.9",
        "contentHash": "fNGvKct2De8ghm0Bpfq0iWthtzIWabgOTi+gJhNOPhNJIowXNEUE2eZNW/zNCzrHVA3PXg2yZ+3cWZndC2IqYA=="
      },
      "Silk.NET.Core": {
        "type": "Transitive",
        "resolved": "2.23.0",
        "contentHash": "D7AT/nnwlB+4RZ84XY8QNGBZMJI5z9l4CSSETIJ1wCfRJzRt/341y3MRZ4HbnFz4r/IGaWOEZr86iE+0/65yyQ==",
        "dependencies": {
          "Microsoft.DotNet.PlatformAbstractions": "3.1.6",
          "Microsoft.Extensions.DependencyModel": "9.0.9"
        }
      },
      "Silk.NET.Direct3D12": {
        "type": "Transitive",
        "resolved": "2.23.0",
        "contentHash": "XKDJPNYRvLD0nrw8UM4jfx1ddMLgs1J/T1CaEPCIZq0iVJiS9ZNPRHkkiFcMSg3PTCBVYZj1wXjwPx2Fpk1PEA==",
        "dependencies": {
          "Silk.NET.Core": "2.23.0",
          "Silk.NET.DXGI": "2.23.0"
        }
      },
      "Silk.NET.DXGI": {
        "type": "Transitive",
        "resolved": "2.23.0",
        "contentHash": "UBzimKRqdsLQ9EirkpwpLRHiSIZoEg0Ytczh0fUnox72yP51hr4sYhGqd16a3+v8jqmZqpJofc68eZW4KYAs5Q==",
        "dependencies": {
          "Silk.NET.Core": "2.23.0",
          "Silk.NET.Maths": "2.23.0"
        }
      },
      "Silk.NET.Maths": {
        "type": "Transitive",
        "resolved": "2.23.0",
        "contentHash": "r8PdIVzME8EH0qAgbmRPO87I4GfgR2j8TofT7EMuRJDf1QluoQwnVypDoFJjQ2ZBSRsGYk5unYxxogI05Ogsmw=="
      },
      "Silk.NET.Vulkan": {
        "type": "Transitive",
        "resolved": "2.23.0",
        "contentHash": "3/irtlSWXZ3eTi8N6nelI6L34NTB8ZJHpqVMNzZx2aX7Ek9YEQ34NoQW8/Tljrtmkg8KRhHW8hKTEzZaKV8PgA==",
        "dependencies": {
          "Silk.NET.Core": "2.23.0"
        }
      },
      "Silk.NET.Vulkan.Extensions.EXT": {
        "type": "Transitive",
        "resolved": "2.23.0",
        "contentHash": "+Oth189ksRiL6HvGCwIdnsYHawqrbO8y49u1H61z3wsfcHhQZeVDYe/wF5LD7fk3NcdgDvwFD3mLm1QWhdZySw==",
        "dependencies": {
          "Silk.NET.Core": "2.23.0",
          "Silk.NET.Vulkan": "2.23.0"
        }
      },
      "Silk.NET.Vulkan.Extensions.KHR": {
        "type": "Transitive",
        "resolved": "2.23.0",
        "contentHash": "uRaf4j+SmH3DumjSSSUbFg33BnsGZUyXGj93O9NgGKZSJN3OTmNmQDxRew+/KiVLcgH6qzbto8aNGZ++j9GFWg==",
        "dependencies": {
          "Silk.NET.Core": "2.23.0",
          "Silk.NET.Vulkan": "2.23.0"
        }
      },
      "Silk.NET.Vulkan.Extensions.NV": {
        "type": "Transitive",
        "resolved": "2.23.0",
        "contentHash": "4kdDGYLj9b8gFUmPeZ3xolWjTSl8as2jKNWvX4ifDO48u6OKGbEY2NY7OBs9+q3WLFzsdk3pyX2xyBkZnLuHvw==",
        "dependencies": {
          "Silk.NET.Core": "2.23.0",
          "Silk.NET.Vulkan": "2.23.0"
        }
      },
      "slangshadersharp": {
        "type": "Project"
      },
      "someengine.graphics": {
        "type": "Project",
        "dependencies": {
          "SlangShaderSharp": "[1.0.0, )"
        }
      },
      "someengine.graphics.direct3d12": {
        "type": "Project",
        "dependencies": {
          "Microsoft.Direct3D.D3D12": "[1.619.5, )",
          "Silk.NET.DXGI": "[2.23.0, )",
          "Silk.NET.Direct3D12": "[2.23.0, )",
          "SomeEngine.Graphics": "[1.0.0, )"
        }
      },
      "someengine.graphics.validation": {
        "type": "Project",
        "dependencies": {
          "Silk.NET.DXGI": "[2.23.0, )",
          "Silk.NET.Direct3D12": "[2.23.0, )",
          "SlangShaderSharp": "[1.0.0, )",
          "SomeEngine.Graphics": "[1.0.0, )",
          "SomeEngine.Graphics.Direct3D12": "[1.0.0, )"
        }
      },
      "someengine.graphics.vulkan": {
        "type": "Project",
        "dependencies": {
          "Silk.NET.Vulkan": "[2.23.0, )",
          "Silk.NET.Vulkan.Extensions.EXT": "[2.23.0, )",
          "Silk.NET.Vulkan.Extensions.KHR": "[2.23.0, )",
          "Silk.NET.Vulkan.Extensions.NV": "[2.23.0, )",
          "SomeEngine.Graphics": "[1.0.0, )"
        }
      },
      "someengine.job": {
        "type": "Project",
        "dependencies": {
          "SomeEngine.Job.Contracts": "[1.0.0, )"
        }
      },
      "someengine.job.contracts": {
        "type": "Project"
      },
      "someengine.rendergraph": {
        "type": "Project",
        "dependencies": {
          "SlangShaderSharp": "[1.0.0, )",
          "SomeEngine.Graphics": "[1.0.0, )",
          "SomeEngine.Job": "[1.0.0, )"
        }
      }
    }
  }
}